
Microsoft Visual Studio Solution File, Format Version 12.00
# Visual Studio Version 17
VisualStudioVersion = 17.5.002.0
MinimumVisualStudioVersion = 10.0.40219.1
Project("{9A19103F-16F7-4668-BE54-9A1E7A4F7556}") = "FirstProgram", "FirstProgram.csproj", "{D03C3A3F-0F84-46E7-AF3E-815AF5209F41}"
EndProject
Global
	GlobalSection(SolutionConfigurationPlatforms) = preSolution
		Debug|Any CPU = Debug|Any CPU
		Release|Any CPU = Release|Any CPU
	EndGlobalSection
	GlobalSection(ProjectConfigurationPlatforms) = postSolution
		{D03C3A3F-0F84-46E7-AF3E-815AF5209F41}.Debug|Any CPU.ActiveCfg = Debug|Any CPU
		{D03C3A3F-0F84-46E7-AF3E-815AF5209F41}.Debug|Any CPU.Build.0 = Debug|Any CPU
		{D03C3A3F-0F84-46E7-AF3E-815AF5209F41}.Release|Any CPU.ActiveCfg = Release|Any CPU
		{D03C3A3F-0F84-46E7-AF3E-815AF5209F41}.Release|Any CPU.Build.0 = Release|Any CPU
	EndGlobalSection
	GlobalSection(SolutionProperties) = preSolution
		HideSolutionNode = FALSE
	EndGlobalSection
	GlobalSection(ExtensibilityGlobals) = postSolution
		SolutionGuid = {8067DEB6-6A4C-4A37-8AE9-F8C0136B4515}
	EndGlobalSection
EndGlobal
